
Microsoft Visual Studio Solution File, Format Version 12.00
# Visual Studio Version 17
VisualStudioVersion = 17.5.33424.131
MinimumVisualStudioVersion = 10.0.40219.1
Project("{FAE04EC0-301F-11D3-BF4B-00C04F79EFBC}") = "RegistrationForm", "RegistrationForm.csproj", "{CCC3F00B-407C-42F7-9454-0AD804E2CCC4}"
EndProject
Global
	GlobalSection(SolutionConfigurationPlatforms) = preSolution
		Debug|Any CPU = Debug|Any CPU
		Release|Any CPU = Release|Any CPU
	EndGlobalSection
	GlobalSection(ProjectConfigurationPlatforms) = postSolution
		{CCC3F00B-407C-42F7-9454-0AD804E2CCC4}.Debug|Any CPU.ActiveCfg = Debug|Any CPU
		{CCC3F00B-407C-42F7-9454-0AD804E2CCC4}.Debug|Any CPU.Build.0 = Debug|Any CPU
		{CCC3F00B-407C-42F7-9454-0AD804E2CCC4}.Release|Any CPU.ActiveCfg = Release|Any CPU
		{CCC3F00B-407C-42F7-9454-0AD804E2CCC4}.Release|Any CPU.Build.0 = Release|Any CPU
	EndGlobalSection
	GlobalSection(SolutionProperties) = preSolution
		HideSolutionNode = FALSE
	EndGlobalSection
	GlobalSection(ExtensibilityGlobals) = postSolution
		SolutionGuid = {EB594C5E-BD5B-4429-B364-10AD44A76D67}
	EndGlobalSection
EndGlobal
